hash: a455f04003d9b20450c27647856f8d7b8271789cd7075e586f45e5dc91439914
updated: 2018-08-22T11:44:20.915487+08:00
imports:
- name: github.com/anaskhan96/soup
  version: cd07662ec9300d16d2ece1c24b0b29ad89f65ff4
- name: github.com/cheekybits/genny
  version: a9c2292b062a18771a1366a3240789ae9866704f
  subpackages:
  - generic
- name: github.com/emirpasic/gods
  version: f6c17b524822278a87e3b3bd809fec33b51f5b46
  subpackages:
  - containers
  - lists
  - lists/arraylist
  - stacks
  - stacks/arraystack
  - utils
- name: github.com/moul/http2curl
  version: 9ac6cf4d929b2fa8fd2d2e6dec5bb0feb4f4911d
- name: github.com/parnurzeal/gorequest
  version: a578a48e8d6ca8b01a3b18314c43c6716bb5f5a3
- name: github.com/pkg/errors
  version: 816c9085562cd7ee03e7f8188a1cfd942858cded
- name: golang.org/x/net
  version: 922f4815f713f213882e8ef45e0d315b164d705c
  subpackages:
  - html
  - html/atom
  - publicsuffix
testImports:
- name: github.com/davecgh/go-spew
  version: 8991bc29aa16c548c550c7ff78260e27b9ab7c73
  subpackages:
  - spew
- name: github.com/pmezard/go-difflib
  version: d8ed2627bdf02c080bf22230dbb337003b7aba2d
  subpackages:
  - difflib
- name: github.com/stretchr/testify
  version: f35b8ab0b5a2cef36673838d662e249dd9c94686
  subpackages:
  - assert
